// !$*UTF8*$!
{
	archiveVersion = 1;
	classes = {
	};
	objectVersion = 46;
	objects = {

/* Begin PBXBuildFile section */
		6A26A1081B7AA624002C79F6 /* ArcticViewerTests.swift in Sources */ = {isa = PBXBuildFile; fileRef = 6A26A1071B7AA624002C79F6 /* ArcticViewerTests.swift */; };
		6A26A1381B7AA74E002C79F6 /* AboutViewController.swift in Sources */ = {isa = PBXBuildFile; fileRef = 6A26A1111B7AA74E002C79F6 /* AboutViewController.swift */; };
		6A26A1391B7AA74E002C79F6 /* AppDelegate.swift in Sources */ = {isa = PBXBuildFile; fileRef = 6A26A1121B7AA74E002C79F6 /* AppDelegate.swift */; };
		6A26A13A1B7AA74E002C79F6 /* ARDownloadInput.swift in Sources */ = {isa = PBXBuildFile; fileRef = 6A26A1131B7AA74E002C79F6 /* ARDownloadInput.swift */; };
		6A26A13B1B7AA74E002C79F6 /* ARDownloadInstance.swift in Sources */ = {isa = PBXBuildFile; fileRef = 6A26A1141B7AA74E002C79F6 /* ARDownloadInstance.swift */; };
		6A26A13C1B7AA74E002C79F6 /* DownloadViewCell.swift in Sources */ = {isa = PBXBuildFile; fileRef = 6A26A1151B7AA74E002C79F6 /* DownloadViewCell.swift */; };
		6A26A13D1B7AA74E002C79F6 /* DownloadViewController.swift in Sources */ = {isa = PBXBuildFile; fileRef = 6A26A1161B7AA74E002C79F6 /* DownloadViewController.swift */; };
		6A26A13E1B7AA74E002C79F6 /* Extensions.swift in Sources */ = {isa = PBXBuildFile; fileRef = 6A26A1171B7AA74E002C79F6 /* Extensions.swift */; };
		6A26A13F1B7AA74E002C79F6 /* icon_29.png in Resources */ = {isa = PBXBuildFile; fileRef = 6A26A1181B7AA74E002C79F6 /* icon_29.png */; };
		6A26A1401B7AA74E002C79F6 /* icon_58.png in Resources */ = {isa = PBXBuildFile; fileRef = 6A26A1191B7AA74E002C79F6 /* icon_58.png */; };
		6A26A1411B7AA74E002C79F6 /* icon_64.png in Resources */ = {isa = PBXBuildFile; fileRef = 6A26A11A1B7AA74E002C79F6 /* icon_64.png */; };
		6A26A1421B7AA74E002C79F6 /* icon_320.png in Resources */ = {isa = PBXBuildFile; fileRef = 6A26A11B1B7AA74E002C79F6 /* icon_320.png */; };
		6A26A1431B7AA74E002C79F6 /* Images.xcassets in Resources */ = {isa = PBXBuildFile; fileRef = 6A26A11C1B7AA74E002C79F6 /* Images.xcassets */; };
		6A26A1451B7AA74E002C79F6 /* MainViewController.swift in Sources */ = {isa = PBXBuildFile; fileRef = 6A26A11E1B7AA74E002C79F6 /* MainViewController.swift */; };
		6A26A1461B7AA74E002C79F6 /* MainViewTableCell.swift in Sources */ = {isa = PBXBuildFile; fileRef = 6A26A11F1B7AA74E002C79F6 /* MainViewTableCell.swift */; };
		6A26A1471B7AA74E002C79F6 /* Paths.swift in Sources */ = {isa = PBXBuildFile; fileRef = 6A26A1211B7AA74E002C79F6 /* Paths.swift */; };
		6A26A1481B7AA74E002C79F6 /* Settings.bundle in Resources */ = {isa = PBXBuildFile; fileRef = 6A26A1261B7AA74E002C79F6 /* Settings.bundle */; };
		6A26A1501B7AA74E002C79F6 /* TonicViewController.swift in Sources */ = {isa = PBXBuildFile; fileRef = 6A26A12F1B7AA74E002C79F6 /* TonicViewController.swift */; };
		6A26A15A1B7AA999002C79F6 /* LaunchScreen.xib in Resources */ = {isa = PBXBuildFile; fileRef = 6A26A1581B7AA999002C79F6 /* LaunchScreen.xib */; };
		6A26A15B1B7AA999002C79F6 /* Main.storyboard in Resources */ = {isa = PBXBuildFile; fileRef = 6A26A1591B7AA999002C79F6 /* Main.storyboard */; };
		6A26A16C1B7AAA57002C79F6 /* web_content in Resources */ = {isa = PBXBuildFile; fileRef = 6A26A16B1B7AAA57002C79F6 /* web_content */; };
		79C22126D426205CA8FFF6DA /* Pods_ArcticViewer.framework in Frameworks */ = {isa = PBXBuildFile; fileRef = 816D293900B5ED24EC3F077C /* Pods_ArcticViewer.framework */; };
/* End PBXBuildFile section */

/* Begin PBXContainerItemProxy section */
		6A26A1021B7AA624002C79F6 /* PBXContainerItemProxy */ = {
			isa = PBXContainerItemProxy;
			containerPortal = 6A26A0E41B7AA624002C79F6 /* Project object */;
			proxyType = 1;
			remoteGlobalIDString = 6A26A0EB1B7AA624002C79F6;
			remoteInfo = ArcticViewer;
		};
/* End PBXContainerItemProxy section */

/* Begin PBXFileReference section */
		46E51DBDBA408EB4B1BE58AC /* Pods-ArcticViewer.debug.xcconfig */ = {isa = PBXFileReference; includeInIndex = 1; lastKnownFileType = text.xcconfig; name = "Pods-ArcticViewer.debug.xcconfig"; path = "Pods/Target Support Files/Pods-ArcticViewer/Pods-ArcticViewer.debug.xcconfig"; sourceTree = "<group>"; };
		48901C12A5258DD0DFC9ED81 /* Pods.framework */ = {isa = PBXFileReference; explicitFileType = wrapper.framework; includeInIndex = 0; path = Pods.framework; sourceTree = BUILT_PRODUCTS_DIR; };
		6A26A0EC1B7AA624002C79F6 /* ArcticViewer.app */ = {isa = PBXFileReference; explicitFileType = wrapper.application; includeInIndex = 0; path = ArcticViewer.app; sourceTree = BUILT_PRODUCTS_DIR; };
		6A26A1011B7AA624002C79F6 /* ArcticViewerTests.xctest */ = {isa = PBXFileReference; explicitFileType = wrapper.cfbundle; includeInIndex = 0; path = ArcticViewerTests.xctest; sourceTree = BUILT_PRODUCTS_DIR; };
		6A26A1061B7AA624002C79F6 /* Info.plist */ = {isa = PBXFileReference; lastKnownFileType = text.plist.xml; path = Info.plist; sourceTree = "<group>"; };
		6A26A1071B7AA624002C79F6 /* ArcticViewerTests.swift */ = {isa = PBXFileReference; lastKnownFileType = sourcecode.swift; path = ArcticViewerTests.swift; sourceTree = "<group>"; };
		6A26A1111B7AA74E002C79F6 /* AboutViewController.swift */ = {isa = PBXFileReference; fileEncoding = 4; lastKnownFileType = sourcecode.swift; path = AboutViewController.swift; sourceTree = "<group>"; };
		6A26A1121B7AA74E002C79F6 /* AppDelegate.swift */ = {isa = PBXFileReference; fileEncoding = 4; lastKnownFileType = sourcecode.swift; path = AppDelegate.swift; sourceTree = "<group>"; };
		6A26A1131B7AA74E002C79F6 /* ARDownloadInput.swift */ = {isa = PBXFileReference; fileEncoding = 4; lastKnownFileType = sourcecode.swift; path = ARDownloadInput.swift; sourceTree = "<group>"; };
		6A26A1141B7AA74E002C79F6 /* ARDownloadInstance.swift */ = {isa = PBXFileReference; fileEncoding = 4; lastKnownFileType = sourcecode.swift; path = ARDownloadInstance.swift; sourceTree = "<group>"; };
		6A26A1151B7AA74E002C79F6 /* DownloadViewCell.swift */ = {isa = PBXFileReference; fileEncoding = 4; lastKnownFileType = sourcecode.swift; path = DownloadViewCell.swift; sourceTree = "<group>"; };
		6A26A1161B7AA74E002C79F6 /* DownloadViewController.swift */ = {isa = PBXFileReference; fileEncoding = 4; lastKnownFileType = sourcecode.swift; path = DownloadViewController.swift; sourceTree = "<group>"; };
		6A26A1171B7AA74E002C79F6 /* Extensions.swift */ = {isa = PBXFileReference; fileEncoding = 4; lastKnownFileType = sourcecode.swift; path = Extensions.swift; sourceTree = "<group>"; };
		6A26A1181B7AA74E002C79F6 /* icon_29.png */ = {isa = PBXFileReference; lastKnownFileType = image.png; path = icon_29.png; sourceTree = "<group>"; };
		6A26A1191B7AA74E002C79F6 /* icon_58.png */ = {isa = PBXFileReference; lastKnownFileType = image.png; path = icon_58.png; sourceTree = "<group>"; };
		6A26A11A1B7AA74E002C79F6 /* icon_64.png */ = {isa = PBXFileReference; lastKnownFileType = image.png; path = icon_64.png; sourceTree = "<group>"; };
		6A26A11B1B7AA74E002C79F6 /* icon_320.png */ = {isa = PBXFileReference; lastKnownFileType = image.png; path = icon_320.png; sourceTree = "<group>"; };
		6A26A11C1B7AA74E002C79F6 /* Images.xcassets */ = {isa = PBXFileReference; lastKnownFileType = folder.assetcatalog; path = Images.xcassets; sourceTree = "<group>"; };
		6A26A11D1B7AA74E002C79F6 /* Info.plist */ = {isa = PBXFileReference; fileEncoding = 4; lastKnownFileType = text.plist.xml; path = Info.plist; sourceTree = "<group>"; };
		6A26A11E1B7AA74E002C79F6 /* MainViewController.swift */ = {isa = PBXFileReference; fileEncoding = 4; lastKnownFileType = sourcecode.swift; path = MainViewController.swift; sourceTree = "<group>"; };
		6A26A11F1B7AA74E002C79F6 /* MainViewTableCell.swift */ = {isa = PBXFileReference; fileEncoding = 4; lastKnownFileType = sourcecode.swift; path = MainViewTableCell.swift; sourceTree = "<group>"; };
		6A26A1201B7AA74E002C79F6 /* ObjCBridge.h */ = {isa = PBXFileReference; fileEncoding = 4; lastKnownFileType = sourcecode.c.h; path = ObjCBridge.h; sourceTree = "<group>"; };
		6A26A1211B7AA74E002C79F6 /* Paths.swift */ = {isa = PBXFileReference; fileEncoding = 4; lastKnownFileType = sourcecode.swift; path = Paths.swift; sourceTree = "<group>"; };
		6A26A1261B7AA74E002C79F6 /* Settings.bundle */ = {isa = PBXFileReference; lastKnownFileType = "wrapper.plug-in"; path = Settings.bundle; sourceTree = "<group>"; };
		6A26A12F1B7AA74E002C79F6 /* TonicViewController.swift */ = {isa = PBXFileReference; fileEncoding = 4; lastKnownFileType = sourcecode.swift; path = TonicViewController.swift; sourceTree = "<group>"; };
		6A26A1581B7AA999002C79F6 /* LaunchScreen.xib */ = {isa = PBXFileReference; fileEncoding = 4; lastKnownFileType = file.xib; path = LaunchScreen.xib; sourceTree = "<group>"; };
		6A26A1591B7AA999002C79F6 /* Main.storyboard */ = {isa = PBXFileReference; fileEncoding = 4; lastKnownFileType = file.storyboard; path = Main.storyboard; sourceTree = "<group>"; };
		6A26A16B1B7AAA57002C79F6 /* web_content */ = {isa = PBXFileReference; lastKnownFileType = folder; path = web_content; sourceTree = "<group>"; };
		816D293900B5ED24EC3F077C /* Pods_ArcticViewer.framework */ = {isa = PBXFileReference; explicitFileType = wrapper.framework; includeInIndex = 0; path = Pods_ArcticViewer.framework; sourceTree = BUILT_PRODUCTS_DIR; };
		924924844D173EB4CAC72DDF /* Pods-ArcticViewer.release.xcconfig */ = {isa = PBXFileReference; includeInIndex = 1; lastKnownFileType = text.xcconfig; name = "Pods-ArcticViewer.release.xcconfig"; path = "Pods/Target Support Files/Pods-ArcticViewer/Pods-ArcticViewer.release.xcconfig"; sourceTree = "<group>"; };
/* End PBXFileReference section */

/* Begin PBXFrameworksBuildPhase section */
		6A26A0E91B7AA624002C79F6 /* Frameworks */ = {
			isa = PBXFrameworksBuildPhase;
			buildActionMask = 2147483647;
			files = (
				79C22126D426205CA8FFF6DA /* Pods_ArcticViewer.framework in Frameworks */,
			);
			runOnlyForDeploymentPostprocessing = 0;
		};
		6A26A0FE1B7AA624002C79F6 /* Frameworks */ = {
			isa = PBXFrameworksBuildPhase;
			buildActionMask = 2147483647;
			files = (
			);
			runOnlyForDeploymentPostprocessing = 0;
		};
/* End PBXFrameworksBuildPhase section */

/* Begin PBXGroup section */
		6A26A0E31B7AA624002C79F6 = {
			isa = PBXGroup;
			children = (
				6A26A0EE1B7AA624002C79F6 /* ArcticViewer */,
				6A26A1041B7AA624002C79F6 /* ArcticViewerTests */,
				6A26A0ED1B7AA624002C79F6 /* Products */,
				7CE4CA764334FF753CFB32B8 /* Frameworks */,
				9B5F31F488D6030621D56A8D /* Pods */,
			);
			sourceTree = "<group>";
		};
		6A26A0ED1B7AA624002C79F6 /* Products */ = {
			isa = PBXGroup;
			children = (
				6A26A0EC1B7AA624002C79F6 /* ArcticViewer.app */,
				6A26A1011B7AA624002C79F6 /* ArcticViewerTests.xctest */,
			);
			name = Products;
			sourceTree = "<group>";
		};
		6A26A0EE1B7AA624002C79F6 /* ArcticViewer */ = {
			isa = PBXGroup;
			children = (
				6A26A11D1B7AA74E002C79F6 /* Info.plist */,
				6A26A11C1B7AA74E002C79F6 /* Images.xcassets */,
				6A26A1201B7AA74E002C79F6 /* ObjCBridge.h */,
				6A26A1171B7AA74E002C79F6 /* Extensions.swift */,
				6A26A1211B7AA74E002C79F6 /* Paths.swift */,
				6A26A1131B7AA74E002C79F6 /* ARDownloadInput.swift */,
				6A26A1141B7AA74E002C79F6 /* ARDownloadInstance.swift */,
				6A26A1121B7AA74E002C79F6 /* AppDelegate.swift */,
				6A26A11E1B7AA74E002C79F6 /* MainViewController.swift */,
				6A26A11F1B7AA74E002C79F6 /* MainViewTableCell.swift */,
				6A26A12F1B7AA74E002C79F6 /* TonicViewController.swift */,
				6A26A1111B7AA74E002C79F6 /* AboutViewController.swift */,
				6A26A1161B7AA74E002C79F6 /* DownloadViewController.swift */,
				6A26A1151B7AA74E002C79F6 /* DownloadViewCell.swift */,
				6A26A16B1B7AAA57002C79F6 /* web_content */,
				6A26A16E1B7AAB70002C79F6 /* storyboards */,
				6A26A16D1B7AAA7D002C79F6 /* document-icons */,
				6A26A1261B7AA74E002C79F6 /* Settings.bundle */,
			);
			name = ArcticViewer;
			path = src;
			sourceTree = "<group>";
		};
		6A26A1041B7AA624002C79F6 /* ArcticViewerTests */ = {
			isa = PBXGroup;
			children = (
				6A26A1071B7AA624002C79F6 /* ArcticViewerTests.swift */,
				6A26A1051B7AA624002C79F6 /* Supporting Files */,
			);
			path = ArcticViewerTests;
			sourceTree = "<group>";
		};
		6A26A1051B7AA624002C79F6 /* Supporting Files */ = {
			isa = PBXGroup;
			children = (
				6A26A1061B7AA624002C79F6 /* Info.plist */,
			);
			name = "Supporting Files";
			sourceTree = "<group>";
		};
		6A26A16D1B7AAA7D002C79F6 /* document-icons */ = {
			isa = PBXGroup;
			children = (
				6A26A1181B7AA74E002C79F6 /* icon_29.png */,
				6A26A1191B7AA74E002C79F6 /* icon_58.png */,
				6A26A11A1B7AA74E002C79F6 /* icon_64.png */,
				6A26A11B1B7AA74E002C79F6 /* icon_320.png */,
			);
			name = "document-icons";
			sourceTree = "<group>";
		};
		6A26A16E1B7AAB70002C79F6 /* storyboards */ = {
			isa = PBXGroup;
			children = (
				6A26A1591B7AA999002C79F6 /* Main.storyboard */,
				6A26A1581B7AA999002C79F6 /* LaunchScreen.xib */,
			);
			name = storyboards;
			sourceTree = "<group>";
		};
		7CE4CA764334FF753CFB32B8 /* Frameworks */ = {
			isa = PBXGroup;
			children = (
				48901C12A5258DD0DFC9ED81 /* Pods.framework */,
				816D293900B5ED24EC3F077C /* Pods_ArcticViewer.framework */,
			);
			name = Frameworks;
			sourceTree = "<group>";
		};
		9B5F31F488D6030621D56A8D /* Pods */ = {
			isa = PBXGroup;
			children = (
				46E51DBDBA408EB4B1BE58AC /* Pods-ArcticViewer.debug.xcconfig */,
				924924844D173EB4CAC72DDF /* Pods-ArcticViewer.release.xcconfig */,
			);
			name = Pods;
			sourceTree = "<group>";
		};
/* End PBXGroup section */

/* Begin PBXNativeTarget section */
		6A26A0EB1B7AA624002C79F6 /* ArcticViewer */ = {
			isa = PBXNativeTarget;
			buildConfigurationList = 6A26A10B1B7AA624002C79F6 /* Build configuration list for PBXNativeTarget "ArcticViewer" */;
			buildPhases = (
				B5E8E160F46D777E0D73BF18 /* Check Pods Manifest.lock */,
				6A26A0E81B7AA624002C79F6 /* Sources */,
				6A26A0E91B7AA624002C79F6 /* Frameworks */,
				6A26A0EA1B7AA624002C79F6 /* Resources */,
				2E4A521640A90137EFB0926F /* Copy Pods Resources */,
				D650E8EFD5A3CA8B8093FEF7 /* Embed Pods Frameworks */,
			);
			buildRules = (
			);
			dependencies = (
			);
			name = ArcticViewer;
			productName = ArcticViewer;
			productReference = 6A26A0EC1B7AA624002C79F6 /* ArcticViewer.app */;
			productType = "com.apple.product-type.application";
		};
		6A26A1001B7AA624002C79F6 /* ArcticViewerTests */ = {
			isa = PBXNativeTarget;
			buildConfigurationList = 6A26A10E1B7AA624002C79F6 /* Build configuration list for PBXNativeTarget "ArcticViewerTests" */;
			buildPhases = (
				6A26A0FD1B7AA624002C79F6 /* Sources */,
				6A26A0FE1B7AA624002C79F6 /* Frameworks */,
				6A26A0FF1B7AA624002C79F6 /* Resources */,
			);
			buildRules = (
			);
			dependencies = (
				6A26A1031B7AA624002C79F6 /* PBXTargetDependency */,
			);
			name = ArcticViewerTests;
			productName = ArcticViewerTests;
			productReference = 6A26A1011B7AA624002C79F6 /* ArcticViewerTests.xctest */;
			productType = "com.apple.product-type.bundle.unit-test";
		};
/* End PBXNativeTarget section */

/* Begin PBXProject section */
		6A26A0E41B7AA624002C79F6 /* Project object */ = {
			isa = PBXProject;
			attributes = {
				LastSwiftUpdateCheck = 0710;
				LastUpgradeCheck = 0710;
				ORGANIZATIONNAME = Kitware;
				TargetAttributes = {
					6A26A0EB1B7AA624002C79F6 = {
						CreatedOnToolsVersion = 6.4;
						DevelopmentTeam = W38PE5Y733;
					};
					6A26A1001B7AA624002C79F6 = {
						CreatedOnToolsVersion = 6.4;
						TestTargetID = 6A26A0EB1B7AA624002C79F6;
					};
				};
			};
			buildConfigurationList = 6A26A0E71B7AA624002C79F6 /* Build configuration list for PBXProject "ArcticViewer" */;
			compatibilityVersion = "Xcode 3.2";
			developmentRegion = English;
			hasScannedForEncodings = 0;
			knownRegions = (
				en,
				Base,
			);
			mainGroup = 6A26A0E31B7AA624002C79F6;
			productRefGroup = 6A26A0ED1B7AA624002C79F6 /* Products */;
			projectDirPath = "";
			projectRoot = "";
			targets = (
				6A26A0EB1B7AA624002C79F6 /* ArcticViewer */,
				6A26A1001B7AA624002C79F6 /* ArcticViewerTests */,
			);
		};
/* End PBXProject section */

/* Begin PBXResourcesBuildPhase section */
		6A26A0EA1B7AA624002C79F6 /* Resources */ = {
			isa = PBXResourcesBuildPhase;
			buildActionMask = 2147483647;
			files = (
				6A26A16C1B7AAA57002C79F6 /* web_content in Resources */,
				6A26A1431B7AA74E002C79F6 /* Images.xcassets in Resources */,
				6A26A15B1B7AA999002C79F6 /* Main.storyboard in Resources */,
				6A26A15A1B7AA999002C79F6 /* LaunchScreen.xib in Resources */,
				6A26A1421B7AA74E002C79F6 /* icon_320.png in Resources */,
				6A26A13F1B7AA74E002C79F6 /* icon_29.png in Resources */,
				6A26A1411B7AA74E002C79F6 /* icon_64.png in Resources */,
				6A26A1401B7AA74E002C79F6 /* icon_58.png in Resources */,
				6A26A1481B7AA74E002C79F6 /* Settings.bundle in Resources */,
			);
			runOnlyForDeploymentPostprocessing = 0;
		};
		6A26A0FF1B7AA624002C79F6 /* Resources */ = {
			isa = PBXResourcesBuildPhase;
			buildActionMask = 2147483647;
			files = (
			);
			runOnlyForDeploymentPostprocessing = 0;
		};
/* End PBXResourcesBuildPhase section */

/* Begin PBXShellScriptBuildPhase section */
		2E4A521640A90137EFB0926F /* Copy Pods Resources */ = {
			isa = PBXShellScriptBuildPhase;
			buildActionMask = 12;
			files = (
			);
			inputPaths = (
			);
			name = "Copy Pods Resources";
			outputPaths = (
			);
			runOnlyForDeploymentPostprocessing = 0;
			shellPath = /bin/sh;
			shellScript = "\"${SRCROOT}/Pods/Target Support Files/Pods-ArcticViewer/Pods-ArcticViewer-resources.sh\"\n";
			showEnvVarsInLog = 0;
		};
		B5E8E160F46D777E0D73BF18 /* Check Pods Manifest.lock */ = {
			isa = PBXShellScriptBuildPhase;
			buildActionMask = 2147483647;
			files = (
			);
			inputPaths = (
			);
			name = "Check Pods Manifest.lock";
			outputPaths = (
			);
			runOnlyForDeploymentPostprocessing = 0;
			shellPath = /bin/sh;
			shellScript = "diff \"${PODS_ROOT}/../Podfile.lock\" \"${PODS_ROOT}/Manifest.lock\" > /dev/null\nif [[ $? != 0 ]] ; then\n    cat << EOM\nerror: The sandbox is not in sync with the Podfile.lock. Run 'pod install' or update your CocoaPods installation.\nEOM\n    exit 1\nfi\n";
			showEnvVarsInLog = 0;
		};
		D650E8EFD5A3CA8B8093FEF7 /* Embed Pods Frameworks */ = {
			isa = PBXShellScriptBuildPhase;
			buildActionMask = 12;
			files = (
			);
			inputPaths = (
			);
			name = "Embed Pods Frameworks";
			outputPaths = (
			);
			runOnlyForDeploymentPostprocessing = 0;
			shellPath = /bin/sh;
			shellScript = "\"${SRCROOT}/Pods/Target Support Files/Pods-ArcticViewer/Pods-ArcticViewer-frameworks.sh\"\n";
			showEnvVarsInLog = 0;
		};
/* End PBXShellScriptBuildPhase section */

/* Begin PBXSourcesBuildPhase section */
		6A26A0E81B7AA624002C79F6 /* Sources */ = {
			isa = PBXSourcesBuildPhase;
			buildActionMask = 2147483647;
			files = (
				6A26A1501B7AA74E002C79F6 /* TonicViewController.swift in Sources */,
				6A26A1391B7AA74E002C79F6 /* AppDelegate.swift in Sources */,
				6A26A1381B7AA74E002C79F6 /* AboutViewController.swift in Sources */,
				6A26A13A1B7AA74E002C79F6 /* ARDownloadInput.swift in Sources */,
				6A26A13C1B7AA74E002C79F6 /* DownloadViewCell.swift in Sources */,
				6A26A1461B7AA74E002C79F6 /* MainViewTableCell.swift in Sources */,
				6A26A13D1B7AA74E002C79F6 /* DownloadViewController.swift in Sources */,
				6A26A1471B7AA74E002C79F6 /* Paths.swift in Sources */,
				6A26A13B1B7AA74E002C79F6 /* ARDownloadInstance.swift in Sources */,
				6A26A13E1B7AA74E002C79F6 /* Extensions.swift in Sources */,
				6A26A1451B7AA74E002C79F6 /* MainViewController.swift in Sources */,
			);
			runOnlyForDeploymentPostprocessing = 0;
		};
		6A26A0FD1B7AA624002C79F6 /* Sources */ = {
			isa = PBXSourcesBuildPhase;
			buildActionMask = 2147483647;
			files = (
				6A26A1081B7AA624002C79F6 /* ArcticViewerTests.swift in Sources */,
			);
			runOnlyForDeploymentPostprocessing = 0;
		};
/* End PBXSourcesBuildPhase section */

/* Begin PBXTargetDependency section */
		6A26A1031B7AA624002C79F6 /* PBXTargetDependency */ = {
			isa = PBXTargetDependency;
			target = 6A26A0EB1B7AA624002C79F6 /* ArcticViewer */;
			targetProxy = 6A26A1021B7AA624002C79F6 /* PBXContainerItemProxy */;
		};
/* End PBXTargetDependency section */

/* Begin XCBuildConfiguration section */
		6A26A1091B7AA624002C79F6 /* Debug */ = {
			isa = XCBuildConfiguration;
			buildSettings = {
				ALWAYS_SEARCH_USER_PATHS = NO;
				CLANG_CXX_LANGUAGE_STANDARD = "gnu++0x";
				CLANG_CXX_LIBRARY = "libc++";
				CLANG_ENABLE_MODULES = YES;
				CLANG_ENABLE_OBJC_ARC = YES;
				CLANG_WARN_BOOL_CONVERSION = YES;
				CLANG_WARN_CONSTANT_CONVERSION = YES;
				CLANG_WARN_DIRECT_OBJC_ISA_USAGE = YES_ERROR;
				CLANG_WARN_EMPTY_BODY = YES;
				CLANG_WARN_ENUM_CONVERSION = YES;
				CLANG_WARN_INT_CONVERSION = YES;
				CLANG_WARN_OBJC_ROOT_CLASS = YES_ERROR;
				CLANG_WARN_UNREACHABLE_CODE = YES;
				CLANG_WARN__DUPLICATE_METHOD_MATCH = YES;
				"CODE_SIGN_IDENTITY[sdk=iphoneos*]" = "iPhone Developer";
				COPY_PHASE_STRIP = NO;
				DEBUG_INFORMATION_FORMAT = "dwarf-with-dsym";
				ENABLE_STRICT_OBJC_MSGSEND = YES;
				ENABLE_TESTABILITY = YES;
				GCC_C_LANGUAGE_STANDARD = gnu99;
				GCC_DYNAMIC_NO_PIC = NO;
				GCC_NO_COMMON_BLOCKS = YES;
				GCC_OPTIMIZATION_LEVEL = 0;
				GCC_PREPROCESSOR_DEFINITIONS = (
					"DEBUG=1",
					"$(inherited)",
				);
				GCC_SYMBOLS_PRIVATE_EXTERN = NO;
				GCC_WARN_64_TO_32_BIT_CONVERSION = YES;
				GCC_WARN_ABOUT_RETURN_TYPE = YES_ERROR;
				GCC_WARN_UNDECLARED_SELECTOR = YES;
				GCC_WARN_UNINITIALIZED_AUTOS = YES_AGGRESSIVE;
				GCC_WARN_UNUSED_FUNCTION = YES;
				GCC_WARN_UNUSED_VARIABLE = YES;
				IPHONEOS_DEPLOYMENT_TARGET = 8.4;
				MTL_ENABLE_DEBUG_INFO = YES;
				ONLY_ACTIVE_ARCH = YES;
				SDKROOT = iphoneos;
				SWIFT_OPTIMIZATION_LEVEL = "-Onone";
				TARGETED_DEVICE_FAMILY = "1,2";
			};
			name = Debug;
		};
		6A26A10A1B7AA624002C79F6 /* Release */ = {
			isa = XCBuildConfiguration;
			buildSettings = {
				ALWAYS_SEARCH_USER_PATHS = NO;
				CLANG_CXX_LANGUAGE_STANDARD = "gnu++0x";
				CLANG_CXX_LIBRARY = "libc++";
				CLANG_ENABLE_MODULES = YES;
				CLANG_ENABLE_OBJC_ARC = YES;
				CLANG_WARN_BOOL_CONVERSION = YES;
				CLANG_WARN_CONSTANT_CONVERSION = YES;
				CLANG_WARN_DIRECT_OBJC_ISA_USAGE = YES_ERROR;
				CLANG_WARN_EMPTY_BODY = YES;
				CLANG_WARN_ENUM_CONVERSION = YES;
				CLANG_WARN_INT_CONVERSION = YES;
				CLANG_WARN_OBJC_ROOT_CLASS = YES_ERROR;
				CLANG_WARN_UNREACHABLE_CODE = YES;
				CLANG_WARN__DUPLICATE_METHOD_MATCH = YES;
				"CODE_SIGN_IDENTITY[sdk=iphoneos*]" = "iPhone Developer";
				COPY_PHASE_STRIP = NO;
				DEBUG_INFORMATION_FORMAT = "dwarf-with-dsym";
				ENABLE_NS_ASSERTIONS = NO;
				ENABLE_STRICT_OBJC_MSGSEND = YES;
				GCC_C_LANGUAGE_STANDARD = gnu99;
				GCC_NO_COMMON_BLOCKS = YES;
				GCC_WARN_64_TO_32_BIT_CONVERSION = YES;
				GCC_WARN_ABOUT_RETURN_TYPE = YES_ERROR;
				GCC_WARN_UNDECLARED_SELECTOR = YES;
				GCC_WARN_UNINITIALIZED_AUTOS = YES_AGGRESSIVE;
				GCC_WARN_UNUSED_FUNCTION = YES;
				GCC_WARN_UNUSED_VARIABLE = YES;
				IPHONEOS_DEPLOYMENT_TARGET = 8.4;
				MTL_ENABLE_DEBUG_INFO = NO;
				SDKROOT = iphoneos;
				TARGETED_DEVICE_FAMILY = "1,2";
				VALIDATE_PRODUCT = YES;
			};
			name = Release;
		};
		6A26A10C1B7AA624002C79F6 /* Debug */ = {
			isa = XCBuildConfiguration;
			baseConfigurationReference = 46E51DBDBA408EB4B1BE58AC /* Pods-ArcticViewer.debug.xcconfig */;
			buildSettings = {
				ASSETCATALOG_COMPILER_APPICON_NAME = AppIcon;
				CODE_SIGN_IDENTITY = "iPhone Developer";
				"CODE_SIGN_IDENTITY[sdk=iphoneos*]" = "iPhone Developer";
				INFOPLIST_FILE = "$(SRCROOT)/src/Info.plist";
				IPHONEOS_DEPLOYMENT_TARGET = 8.0;
				LD_RUNPATH_SEARCH_PATHS = "@executable_path/Frameworks";
				PRODUCT_BUNDLE_IDENTIFIER = com.kitware.ArcticViewers;
				PRODUCT_NAME = "$(TARGET_NAME)";
				PROVISIONING_PROFILE = "";
				SWIFT_OBJC_BRIDGING_HEADER = src/ObjCBridge.h;
			};
			name = Debug;
		};
		6A26A10D1B7AA624002C79F6 /* Release */ = {
			isa = XCBuildConfiguration;
			baseConfigurationReference = 924924844D173EB4CAC72DDF /* Pods-ArcticViewer.release.xcconfig */;
			buildSettings = {
				ASSETCATALOG_COMPILER_APPICON_NAME = AppIcon;
				CODE_SIGN_IDENTITY = "iPhone Developer";
				"CODE_SIGN_IDENTITY[sdk=iphoneos*]" = "iPhone Developer";
				INFOPLIST_FILE = "$(SRCROOT)/src/Info.plist";
				IPHONEOS_DEPLOYMENT_TARGET = 8.0;
				LD_RUNPATH_SEARCH_PATHS = "@executable_path/Frameworks";
				PRODUCT_BUNDLE_IDENTIFIER = com.kitware.ArcticViewers;
				PRODUCT_NAME = "$(TARGET_NAME)";
				PROVISIONING_PROFILE = "";
				SWIFT_OBJC_BRIDGING_HEADER = src/ObjCBridge.h;
			};
			name = Release;
		};
		6A26A10F1B7AA624002C79F6 /* Debug */ = {
			isa = XCBuildConfiguration;
			buildSettings = {
				BUNDLE_LOADER = "$(TEST_HOST)";
				FRAMEWORK_SEARCH_PATHS = "";
				GCC_PREPROCESSOR_DEFINITIONS = (
					"DEBUG=1",
					"$(inherited)",
				);
				INFOPLIST_FILE = ArcticViewerTests/Info.plist;
				LD_RUNPATH_SEARCH_PATHS = "$(inherited) @executable_path/Frameworks @loader_path/Frameworks";
				PRODUCT_NAME = "$(TARGET_NAME)";
				TEST_HOST = "$(BUILT_PRODUCTS_DIR)/ArcticViewer.app/ArcticViewer";
			};
			name = Debug;
		};
		6A26A1101B7AA624002C79F6 /* Release */ = {
			isa = XCBuildConfiguration;
			buildSettings = {
				BUNDLE_LOADER = "$(TEST_HOST)";
				FRAMEWORK_SEARCH_PATHS = "";
				INFOPLIST_FILE = ArcticViewerTests/Info.plist;
				LD_RUNPATH_SEARCH_PATHS = "$(inherited) @executable_path/Frameworks @loader_path/Frameworks";
				PRODUCT_NAME = "$(TARGET_NAME)";
				TEST_HOST = "$(BUILT_PRODUCTS_DIR)/ArcticViewer.app/ArcticViewer";
			};
			name = Release;
		};
/* End XCBuildConfiguration section */

/* Begin XCConfigurationList section */
		6A26A0E71B7AA624002C79F6 /* Build configuration list for PBXProject "ArcticViewer" */ = {
			isa = XCConfigurationList;
			buildConfigurations = (
				6A26A1091B7AA624002C79F6 /* Debug */,
				6A26A10A1B7AA624002C79F6 /* Release */,
			);
			defaultConfigurationIsVisible = 0;
			defaultConfigurationName = Release;
		};
		6A26A10B1B7AA624002C79F6 /* Build configuration list for PBXNativeTarget "ArcticViewer" */ = {
			isa = XCConfigurationList;
			buildConfigurations = (
				6A26A10C1B7AA624002C79F6 /* Debug */,
				6A26A10D1B7AA624002C79F6 /* Release */,
			);
			defaultConfigurationIsVisible = 0;
			defaultConfigurationName = Release;
		};
		6A26A10E1B7AA624002C79F6 /* Build configuration list for PBXNativeTarget "ArcticViewerTests" */ = {
			isa = XCConfigurationList;
			buildConfigurations = (
				6A26A10F1B7AA624002C79F6 /* Debug */,
				6A26A1101B7AA624002C79F6 /* Release */,
			);
			defaultConfigurationIsVisible = 0;
			defaultConfigurationName = Release;
		};
/* End XCConfigurationList section */
	};
	rootObject = 6A26A0E41B7AA624002C79F6 /* Project object */;
}
